
Microsoft Visual Studio Solution File, Format Version 12.00
# Visual Studio 15
VisualStudioVersion = 15.0.27703.2042
MinimumVisualStudioVersion = 10.0.40219.1
Project("{FAE04EC0-301F-11D3-BF4B-00C04F79EFBC}") = "EmployeeApi", "EmployeeApi\EmployeeApi.csproj", "{C84E25B8-4086-4A56-941F-361007BE5A2A}"
EndProject
Project("{FAE04EC0-301F-11D3-BF4B-00C04F79EFBC}") = "EmployeeApiTests", "EmployeeApiTests\EmployeeApiTests.csproj", "{C438C15A-9561-4D54-8013-DB89F222C727}"
EndProject
Global
	GlobalSection(SolutionConfigurationPlatforms) = preSolution
		Debug|Any CPU = Debug|Any CPU
		Release|Any CPU = Release|Any CPU
	EndGlobalSection
	GlobalSection(ProjectConfigurationPlatforms) = postSolution
		{C84E25B8-4086-4A56-941F-361007BE5A2A}.Debug|Any CPU.ActiveCfg = Debug|Any CPU
		{C84E25B8-4086-4A56-941F-361007BE5A2A}.Debug|Any CPU.Build.0 = Debug|Any CPU
		{C84E25B8-4086-4A56-941F-361007BE5A2A}.Release|Any CPU.ActiveCfg = Release|Any CPU
		{C84E25B8-4086-4A56-941F-361007BE5A2A}.Release|Any CPU.Build.0 = Release|Any CPU
		{C438C15A-9561-4D54-8013-DB89F222C727}.Debug|Any CPU.ActiveCfg = Debug|Any CPU
		{C438C15A-9561-4D54-8013-DB89F222C727}.Debug|Any CPU.Build.0 = Debug|Any CPU
		{C438C15A-9561-4D54-8013-DB89F222C727}.Release|Any CPU.ActiveCfg = Release|Any CPU
		{C438C15A-9561-4D54-8013-DB89F222C727}.Release|Any CPU.Build.0 = Release|Any CPU
	EndGlobalSection
	GlobalSection(SolutionProperties) = preSolution
		HideSolutionNode = FALSE
	EndGlobalSection
	GlobalSection(ExtensibilityGlobals) = postSolution
		SolutionGuid = {CE19E182-EBFE-422C-ADE1-54C01DC54141}
	EndGlobalSection
EndGlobal
